
Microsoft Visual Studio Solution File, Format Version 12.00
# Visual Studio Version 17
VisualStudioVersion = 17.9.34723.18
MinimumVisualStudioVersion = 10.0.40219.1
Project("{9A19103F-16F7-4668-BE54-9A1E7A4F7556}") = "EPaperApp", "EPaperApp\EPaperApp.csproj", "{AC3E870E-558F-421D-87A6-9EA8E8D1AA4E}"
EndProject
Project("{9A19103F-16F7-4668-BE54-9A1E7A4F7556}") = "EPaper", "EPaper\EPaper.csproj", "{382EF161-6CE0-4F46-81C9-E481C9D37344}"
EndProject
Global
	GlobalSection(SolutionConfigurationPlatforms) = preSolution
		Debug|Any CPU = Debug|Any CPU
		Release|Any CPU = Release|Any CPU
	EndGlobalSection
	GlobalSection(ProjectConfigurationPlatforms) = postSolution
		{AC3E870E-558F-421D-87A6-9EA8E8D1AA4E}.Debug|Any CPU.ActiveCfg = Debug|Any CPU
		{AC3E870E-558F-421D-87A6-9EA8E8D1AA4E}.Debug|Any CPU.Build.0 = Debug|Any CPU
		{AC3E870E-558F-421D-87A6-9EA8E8D1AA4E}.Release|Any CPU.ActiveCfg = Release|Any CPU
		{AC3E870E-558F-421D-87A6-9EA8E8D1AA4E}.Release|Any CPU.Build.0 = Release|Any CPU
		{382EF161-6CE0-4F46-81C9-E481C9D37344}.Debug|Any CPU.ActiveCfg = Debug|Any CPU
		{382EF161-6CE0-4F46-81C9-E481C9D37344}.Debug|Any CPU.Build.0 = Debug|Any CPU
		{382EF161-6CE0-4F46-81C9-E481C9D37344}.Release|Any CPU.ActiveCfg = Release|Any CPU
		{382EF161-6CE0-4F46-81C9-E481C9D37344}.Release|Any CPU.Build.0 = Release|Any CPU
	EndGlobalSection
	GlobalSection(SolutionProperties) = preSolution
		HideSolutionNode = FALSE
	EndGlobalSection
	GlobalSection(ExtensibilityGlobals) = postSolution
		SolutionGuid = {3846C4CC-86B3-4DC8-943A-9C781C45170F}
	EndGlobalSection
EndGlobal
